
Microsoft Visual Studio Solution File, Format Version 12.00
# Visual Studio Version 17
VisualStudioVersion = 17.7.34202.233
MinimumVisualStudioVersion = 10.0.40219.1
Project("{FAE04EC0-301F-11D3-BF4B-00C04F79EFBC}") = "Frontendsqlinjection", "Frontendsqlinjection\Frontendsqlinjection.csproj", "{DFDD7EB9-1788-4089-BE59-9A20F211549B}"
EndProject
Global
	GlobalSection(SolutionConfigurationPlatforms) = preSolution
		Debug|Any CPU = Debug|Any CPU
		Release|Any CPU = Release|Any CPU
	EndGlobalSection
	GlobalSection(ProjectConfigurationPlatforms) = postSolution
		{DFDD7EB9-1788-4089-BE59-9A20F211549B}.Debug|Any CPU.ActiveCfg = Debug|Any CPU
		{DFDD7EB9-1788-4089-BE59-9A20F211549B}.Debug|Any CPU.Build.0 = Debug|Any CPU
		{DFDD7EB9-1788-4089-BE59-9A20F211549B}.Release|Any CPU.ActiveCfg = Release|Any CPU
		{DFDD7EB9-1788-4089-BE59-9A20F211549B}.Release|Any CPU.Build.0 = Release|Any CPU
	EndGlobalSection
	GlobalSection(SolutionProperties) = preSolution
		HideSolutionNode = FALSE
	EndGlobalSection
	GlobalSection(ExtensibilityGlobals) = postSolution
		SolutionGuid = {932F251E-482A-46D8-8B87-5BD4FAD73306}
	EndGlobalSection
EndGlobal
