
Microsoft Visual Studio Solution File, Format Version 12.00
# Visual Studio Version 17
VisualStudioVersion = 17.7.34202.233
MinimumVisualStudioVersion = 10.0.40219.1
Project("{9A19103F-16F7-4668-BE54-9A1E7A4F7556}") = "DataLayer", "DataLayer\DataLayer.csproj", "{B53043A3-6F11-4B58-B60D-FFF13B4F6D72}"
EndProject
Project("{9A19103F-16F7-4668-BE54-9A1E7A4F7556}") = "BackendTests", "BackendTests\BackendTests.csproj", "{D64A8C25-7635-4B05-AAF0-E0B02099B3A2}"
EndProject
Project("{FAE04EC0-301F-11D3-BF4B-00C04F79EFBC}") = "WebServer", "WebServer\WebServer.csproj", "{92EB37EB-A06E-4074-BD98-FE4C7DB73E77}"
EndProject
Global
	GlobalSection(SolutionConfigurationPlatforms) = preSolution
		Debug|Any CPU = Debug|Any CPU
		Release|Any CPU = Release|Any CPU
	EndGlobalSection
	GlobalSection(ProjectConfigurationPlatforms) = postSolution
		{B53043A3-6F11-4B58-B60D-FFF13B4F6D72}.Debug|Any CPU.ActiveCfg = Debug|Any CPU
		{B53043A3-6F11-4B58-B60D-FFF13B4F6D72}.Debug|Any CPU.Build.0 = Debug|Any CPU
		{B53043A3-6F11-4B58-B60D-FFF13B4F6D72}.Release|Any CPU.ActiveCfg = Release|Any CPU
		{B53043A3-6F11-4B58-B60D-FFF13B4F6D72}.Release|Any CPU.Build.0 = Release|Any CPU
		{D64A8C25-7635-4B05-AAF0-E0B02099B3A2}.Debug|Any CPU.ActiveCfg = Debug|Any CPU
		{D64A8C25-7635-4B05-AAF0-E0B02099B3A2}.Debug|Any CPU.Build.0 = Debug|Any CPU
		{D64A8C25-7635-4B05-AAF0-E0B02099B3A2}.Release|Any CPU.ActiveCfg = Release|Any CPU
		{D64A8C25-7635-4B05-AAF0-E0B02099B3A2}.Release|Any CPU.Build.0 = Release|Any CPU
		{92EB37EB-A06E-4074-BD98-FE4C7DB73E77}.Debug|Any CPU.ActiveCfg = Debug|Any CPU
		{92EB37EB-A06E-4074-BD98-FE4C7DB73E77}.Debug|Any CPU.Build.0 = Debug|Any CPU
		{92EB37EB-A06E-4074-BD98-FE4C7DB73E77}.Release|Any CPU.ActiveCfg = Release|Any CPU
		{92EB37EB-A06E-4074-BD98-FE4C7DB73E77}.Release|Any CPU.Build.0 = Release|Any CPU
	EndGlobalSection
	GlobalSection(SolutionProperties) = preSolution
		HideSolutionNode = FALSE
	EndGlobalSection
	GlobalSection(ExtensibilityGlobals) = postSolution
		SolutionGuid = {4605FE00-4B2D-4526-A22B-8DFF954438B0}
	EndGlobalSection
EndGlobal
